
Microsoft Visual Studio Solution File, Format Version 12.00
# Visual Studio Version 17
VisualStudioVersion = 17.5.33516.290
MinimumVisualStudioVersion = 10.0.40219.1
Project("{FAE04EC0-301F-11D3-BF4B-00C04F79EFBC}") = "TestingTestsForCalculator", "TestingTestsForCalculator\TestingTestsForCalculator.csproj", "{040CFDFC-6A44-4706-BBD0-32778C8D2C99}"
EndProject
Project("{FAE04EC0-301F-11D3-BF4B-00C04F79EFBC}") = "TestingTestsForCalculator.Tests", "TestingTestsForCalculator.Tests\TestingTestsForCalculator.Tests.csproj", "{4F45024E-2C02-4622-AD09-89D13E5920B1}"
EndProject
Global
	GlobalSection(SolutionConfigurationPlatforms) = preSolution
		Debug|Any CPU = Debug|Any CPU
		Release|Any CPU = Release|Any CPU
	EndGlobalSection
	GlobalSection(ProjectConfigurationPlatforms) = postSolution
		{040CFDFC-6A44-4706-BBD0-32778C8D2C99}.Debug|Any CPU.ActiveCfg = Debug|Any CPU
		{040CFDFC-6A44-4706-BBD0-32778C8D2C99}.Debug|Any CPU.Build.0 = Debug|Any CPU
		{040CFDFC-6A44-4706-BBD0-32778C8D2C99}.Release|Any CPU.ActiveCfg = Release|Any CPU
		{040CFDFC-6A44-4706-BBD0-32778C8D2C99}.Release|Any CPU.Build.0 = Release|Any CPU
		{4F45024E-2C02-4622-AD09-89D13E5920B1}.Debug|Any CPU.ActiveCfg = Debug|Any CPU
		{4F45024E-2C02-4622-AD09-89D13E5920B1}.Debug|Any CPU.Build.0 = Debug|Any CPU
		{4F45024E-2C02-4622-AD09-89D13E5920B1}.Release|Any CPU.ActiveCfg = Release|Any CPU
		{4F45024E-2C02-4622-AD09-89D13E5920B1}.Release|Any CPU.Build.0 = Release|Any CPU
	EndGlobalSection
	GlobalSection(SolutionProperties) = preSolution
		HideSolutionNode = FALSE
	EndGlobalSection
	GlobalSection(ExtensibilityGlobals) = postSolution
		SolutionGuid = {DB043CD4-61F6-48C6-B299-884255DC5C58}
	EndGlobalSection
EndGlobal
